
Microsoft Visual Studio Solution File, Format Version 12.00
# Visual Studio 15
VisualStudioVersion = 15.0.27130.2027
MinimumVisualStudioVersion = 10.0.40219.1
Project("{FAE04EC0-301F-11D3-BF4B-00C04F79EFBC}") = "GameEngine", "GameEngine\GameEngine.csproj", "{BA7FB4DB-5817-481D-92F7-4A99653BDC7C}"
EndProject
Project("{FAE04EC0-301F-11D3-BF4B-00C04F79EFBC}") = "Server", "Server\Server.csproj", "{B7FD0CF1-74C1-46B1-B120-925FB26CA0A9}"
EndProject
Project("{FAE04EC0-301F-11D3-BF4B-00C04F79EFBC}") = "ExampleGame", "ExampleGame\ExampleGame.csproj", "{45FBDDD4-4ECC-45B7-991E-2D5498EC2EAA}"
EndProject
Project("{FAE04EC0-301F-11D3-BF4B-00C04F79EFBC}") = "Base64ResourceEncoder", "Base64ResourceEncoder\Base64ResourceEncoder.csproj", "{C7A677CF-7531-425E-A7EF-FF02B135BAB7}"
EndProject
Project("{D954291E-2A0B-460D-934E-DC6B0785DB48}") = "ResourceShared", "ResourceShared\ResourceShared.shproj", "{4B7FAECC-B12B-4817-8879-62DCED7E55A5}"
EndProject
Global
	GlobalSection(SharedMSBuildProjectFiles) = preSolution
		ResourceShared\ResourceShared.projitems*{4b7faecc-b12b-4817-8879-62dced7e55a5}*SharedItemsImports = 13
		ResourceShared\ResourceShared.projitems*{ba7fb4db-5817-481d-92f7-4a99653bdc7c}*SharedItemsImports = 4
		ResourceShared\ResourceShared.projitems*{c7a677cf-7531-425e-a7ef-ff02b135bab7}*SharedItemsImports = 4
	EndGlobalSection
	GlobalSection(SolutionConfigurationPlatforms) = preSolution
		Debug|Any CPU = Debug|Any CPU
		Release|Any CPU = Release|Any CPU
	EndGlobalSection
	GlobalSection(ProjectConfigurationPlatforms) = postSolution
		{BA7FB4DB-5817-481D-92F7-4A99653BDC7C}.Debug|Any CPU.ActiveCfg = Debug|Any CPU
		{BA7FB4DB-5817-481D-92F7-4A99653BDC7C}.Debug|Any CPU.Build.0 = Debug|Any CPU
		{BA7FB4DB-5817-481D-92F7-4A99653BDC7C}.Release|Any CPU.ActiveCfg = Release|Any CPU
		{BA7FB4DB-5817-481D-92F7-4A99653BDC7C}.Release|Any CPU.Build.0 = Release|Any CPU
		{B7FD0CF1-74C1-46B1-B120-925FB26CA0A9}.Debug|Any CPU.ActiveCfg = Debug|Any CPU
		{B7FD0CF1-74C1-46B1-B120-925FB26CA0A9}.Debug|Any CPU.Build.0 = Debug|Any CPU
		{B7FD0CF1-74C1-46B1-B120-925FB26CA0A9}.Release|Any CPU.ActiveCfg = Release|Any CPU
		{B7FD0CF1-74C1-46B1-B120-925FB26CA0A9}.Release|Any CPU.Build.0 = Release|Any CPU
		{45FBDDD4-4ECC-45B7-991E-2D5498EC2EAA}.Debug|Any CPU.ActiveCfg = Debug|Any CPU
		{45FBDDD4-4ECC-45B7-991E-2D5498EC2EAA}.Debug|Any CPU.Build.0 = Debug|Any CPU
		{45FBDDD4-4ECC-45B7-991E-2D5498EC2EAA}.Release|Any CPU.ActiveCfg = Release|Any CPU
		{45FBDDD4-4ECC-45B7-991E-2D5498EC2EAA}.Release|Any CPU.Build.0 = Release|Any CPU
		{C7A677CF-7531-425E-A7EF-FF02B135BAB7}.Debug|Any CPU.ActiveCfg = Debug|Any CPU
		{C7A677CF-7531-425E-A7EF-FF02B135BAB7}.Debug|Any CPU.Build.0 = Debug|Any CPU
		{C7A677CF-7531-425E-A7EF-FF02B135BAB7}.Release|Any CPU.ActiveCfg = Release|Any CPU
		{C7A677CF-7531-425E-A7EF-FF02B135BAB7}.Release|Any CPU.Build.0 = Release|Any CPU
	EndGlobalSection
	GlobalSection(SolutionProperties) = preSolution
		HideSolutionNode = FALSE
	EndGlobalSection
	GlobalSection(ExtensibilityGlobals) = postSolution
		SolutionGuid = {A2FFEB84-5E6A-4078-B56B-60C1FFF0CEED}
	EndGlobalSection
EndGlobal
